
Microsoft Visual Studio Solution File, Format Version 12.00
# Visual Studio Version 16
VisualStudioVersion = 16.0.30517.126
MinimumVisualStudioVersion = 10.0.40219.1
Project("{FAE04EC0-301F-11D3-BF4B-00C04F79EFBC}") = "BancoAula", "BancoAula\BancoAula.csproj", "{5BC87C5B-984E-4987-9109-A9E7EB6FE2B5}"
EndProject
Global
	GlobalSection(SolutionConfigurationPlatforms) = preSolution
		Debug|Any CPU = Debug|Any CPU
		Release|Any CPU = Release|Any CPU
	EndGlobalSection
	GlobalSection(ProjectConfigurationPlatforms) = postSolution
		{5BC87C5B-984E-4987-9109-A9E7EB6FE2B5}.Debug|Any CPU.ActiveCfg = Debug|Any CPU
		{5BC87C5B-984E-4987-9109-A9E7EB6FE2B5}.Debug|Any CPU.Build.0 = Debug|Any CPU
		{5BC87C5B-984E-4987-9109-A9E7EB6FE2B5}.Release|Any CPU.ActiveCfg = Release|Any CPU
		{5BC87C5B-984E-4987-9109-A9E7EB6FE2B5}.Release|Any CPU.Build.0 = Release|Any CPU
	EndGlobalSection
	GlobalSection(SolutionProperties) = preSolution
		HideSolutionNode = FALSE
	EndGlobalSection
	GlobalSection(ExtensibilityGlobals) = postSolution
		SolutionGuid = {5ABAFEB3-D0A1-4492-8690-8352BBBB7546}
	EndGlobalSection
EndGlobal
